
Microsoft Visual Studio Solution File, Format Version 12.00
# Visual Studio Version 17
VisualStudioVersion = 17.11.35327.3
MinimumVisualStudioVersion = 10.0.40219.1
Project("{8BC9CEB8-8B4A-11D0-8D11-00A0C91BC942}") = "Engine", "Engine\Engine.vcxproj", "{C57894FE-50B1-4F27-87C6-4F127935318A}"
EndProject
Global
	GlobalSection(SolutionConfigurationPlatforms) = preSolution
		Debug|x64 = Debug|x64
		Release|x64 = Release|x64
	EndGlobalSection
	GlobalSection(ProjectConfigurationPlatforms) = postSolution
		{C57894FE-50B1-4F27-87C6-4F127935318A}.Debug|x64.ActiveCfg = Debug|x64
		{C57894FE-50B1-4F27-87C6-4F127935318A}.Debug|x64.Build.0 = Debug|x64
		{C57894FE-50B1-4F27-87C6-4F127935318A}.Release|x64.ActiveCfg = Release|x64
		{C57894FE-50B1-4F27-87C6-4F127935318A}.Release|x64.Build.0 = Release|x64
	EndGlobalSection
	GlobalSection(SolutionProperties) = preSolution
		HideSolutionNode = FALSE
	EndGlobalSection
	GlobalSection(ExtensibilityGlobals) = postSolution
		SolutionGuid = {DD6CDDEA-0F03-4B3D-AE84-07A18C99FFB8}
	EndGlobalSection
EndGlobal
